
Microsoft Visual Studio Solution File, Format Version 12.00
# Visual Studio 14
VisualStudioVersion = 14.0.25123.0
MinimumVisualStudioVersion = 10.0.40219.1
Project("{FAE04EC0-301F-11D3-BF4B-00C04F79EFBC}") = "JSProject", "JSProject\JSProject.csproj", "{EBF6EEFA-4508-4193-B73A-A8D32E6E589B}"
EndProject
Project("{FAE04EC0-301F-11D3-BF4B-00C04F79EFBC}") = "JSProjectTests", "JSProjectTests\JSProjectTests.csproj", "{4F334EFF-FA0B-4F18-ABF0-90FA7E6C632C}"
EndProject
Project("{FAE04EC0-301F-11D3-BF4B-00C04F79EFBC}") = "HsLogic", "HsLogic\HsLogic.csproj", "{19A5C9D4-3350-4DD3-822C-20F69B7F33DD}"
EndProject
Project("{FAE04EC0-301F-11D3-BF4B-00C04F79EFBC}") = "HsCardSets", "HsCardSets\HsCardSets.csproj", "{9436EB95-BA6B-433B-998A-E6EB9E1F091E}"
	ProjectSection(ProjectDependencies) = postProject
		{19A5C9D4-3350-4DD3-822C-20F69B7F33DD} = {19A5C9D4-3350-4DD3-822C-20F69B7F33DD}
	EndProjectSection
EndProject
Global
	GlobalSection(SolutionConfigurationPlatforms) = preSolution
		Debug|Any CPU = Debug|Any CPU
		Release|Any CPU = Release|Any CPU
	EndGlobalSection
	GlobalSection(ProjectConfigurationPlatforms) = postSolution
		{EBF6EEFA-4508-4193-B73A-A8D32E6E589B}.Debug|Any CPU.ActiveCfg = Debug|Any CPU
		{EBF6EEFA-4508-4193-B73A-A8D32E6E589B}.Debug|Any CPU.Build.0 = Debug|Any CPU
		{EBF6EEFA-4508-4193-B73A-A8D32E6E589B}.Release|Any CPU.ActiveCfg = Release|Any CPU
		{EBF6EEFA-4508-4193-B73A-A8D32E6E589B}.Release|Any CPU.Build.0 = Release|Any CPU
		{4F334EFF-FA0B-4F18-ABF0-90FA7E6C632C}.Debug|Any CPU.ActiveCfg = Debug|Any CPU
		{4F334EFF-FA0B-4F18-ABF0-90FA7E6C632C}.Debug|Any CPU.Build.0 = Debug|Any CPU
		{4F334EFF-FA0B-4F18-ABF0-90FA7E6C632C}.Release|Any CPU.ActiveCfg = Release|Any CPU
		{4F334EFF-FA0B-4F18-ABF0-90FA7E6C632C}.Release|Any CPU.Build.0 = Release|Any CPU
		{19A5C9D4-3350-4DD3-822C-20F69B7F33DD}.Debug|Any CPU.ActiveCfg = Debug|Any CPU
		{19A5C9D4-3350-4DD3-822C-20F69B7F33DD}.Debug|Any CPU.Build.0 = Debug|Any CPU
		{19A5C9D4-3350-4DD3-822C-20F69B7F33DD}.Release|Any CPU.ActiveCfg = Release|Any CPU
		{19A5C9D4-3350-4DD3-822C-20F69B7F33DD}.Release|Any CPU.Build.0 = Release|Any CPU
		{9436EB95-BA6B-433B-998A-E6EB9E1F091E}.Debug|Any CPU.ActiveCfg = Debug|Any CPU
		{9436EB95-BA6B-433B-998A-E6EB9E1F091E}.Debug|Any CPU.Build.0 = Debug|Any CPU
		{9436EB95-BA6B-433B-998A-E6EB9E1F091E}.Release|Any CPU.ActiveCfg = Release|Any CPU
		{9436EB95-BA6B-433B-998A-E6EB9E1F091E}.Release|Any CPU.Build.0 = Release|Any CPU
	EndGlobalSection
	GlobalSection(SolutionProperties) = preSolution
		HideSolutionNode = FALSE
	EndGlobalSection
EndGlobal
